
Microsoft Visual Studio Solution File, Format Version 12.00
# Visual Studio Version 17
VisualStudioVersion = 17.3.32901.215
MinimumVisualStudioVersion = 10.0.40219.1
Project("{FAE04EC0-301F-11D3-BF4B-00C04F79EFBC}") = "PMHTTVSKTM", "PMHTTVSKTM\PMHTTVSKTM.csproj", "{058D2EAF-3918-48E8-8AE3-E07D9DE67CD9}"
EndProject
Global
	GlobalSection(SolutionConfigurationPlatforms) = preSolution
		Debug|Any CPU = Debug|Any CPU
		Release|Any CPU = Release|Any CPU
	EndGlobalSection
	GlobalSection(ProjectConfigurationPlatforms) = postSolution
		{058D2EAF-3918-48E8-8AE3-E07D9DE67CD9}.Debug|Any CPU.ActiveCfg = Debug|Any CPU
		{058D2EAF-3918-48E8-8AE3-E07D9DE67CD9}.Debug|Any CPU.Build.0 = Debug|Any CPU
		{058D2EAF-3918-48E8-8AE3-E07D9DE67CD9}.Release|Any CPU.ActiveCfg = Release|Any CPU
		{058D2EAF-3918-48E8-8AE3-E07D9DE67CD9}.Release|Any CPU.Build.0 = Release|Any CPU
	EndGlobalSection
	GlobalSection(SolutionProperties) = preSolution
		HideSolutionNode = FALSE
	EndGlobalSection
	GlobalSection(ExtensibilityGlobals) = postSolution
		SolutionGuid = {E154E59F-6548-4F05-BBCB-BE6CD0E7F639}
	EndGlobalSection
EndGlobal
